
Microsoft Visual Studio Solution File, Format Version 12.00
# Visual Studio Version 16
VisualStudioVersion = 16.0.29324.140
MinimumVisualStudioVersion = 10.0.40219.1
Project("{FAE04EC0-301F-11D3-BF4B-00C04F79EFBC}") = "FileService", "FileService.csproj", "{DB8E4BC8-EEB3-4870-B3C1-E62829F3BF99}"
EndProject
Global
	GlobalSection(SolutionConfigurationPlatforms) = preSolution
		Debug|Any CPU = Debug|Any CPU
		Release|Any CPU = Release|Any CPU
	EndGlobalSection
	GlobalSection(ProjectConfigurationPlatforms) = postSolution
		{DB8E4BC8-EEB3-4870-B3C1-E62829F3BF99}.Debug|Any CPU.ActiveCfg = Debug|Any CPU
		{DB8E4BC8-EEB3-4870-B3C1-E62829F3BF99}.Debug|Any CPU.Build.0 = Debug|Any CPU
		{DB8E4BC8-EEB3-4870-B3C1-E62829F3BF99}.Release|Any CPU.ActiveCfg = Release|Any CPU
		{DB8E4BC8-EEB3-4870-B3C1-E62829F3BF99}.Release|Any CPU.Build.0 = Release|Any CPU
	EndGlobalSection
	GlobalSection(SolutionProperties) = preSolution
		HideSolutionNode = FALSE
	EndGlobalSection
	GlobalSection(ExtensibilityGlobals) = postSolution
		SolutionGuid = {A8A4711A-9B7A-4D91-BE9E-EDCCBF392617}
	EndGlobalSection
EndGlobal
